// !$*UTF8*$!
{
	archiveVersion = 1;
	classes = {
	};
	objectVersion = 50;
	objects = {

/* Begin PBXBuildFile section */
		4A035864AE54CF6BD778EDCF /* Pods_Gravicaine.framework in Frameworks */ = {isa = PBXBuildFile; fileRef = A56FAA6595503966B1D24FFE /* Pods_Gravicaine.framework */; };
		990B01C420BC583F00F2BA3F /* GreenShieldNode.swift in Sources */ = {isa = PBXBuildFile; fileRef = 990B01C320BC583F00F2BA3F /* GreenShieldNode.swift */; };
		990B01C620BC5B2700F2BA3F /* shield.atlas in Resources */ = {isa = PBXBuildFile; fileRef = 990B01C520BC5B2700F2BA3F /* shield.atlas */; };
		990B01C820BC8D6000F2BA3F /* Constants.swift in Sources */ = {isa = PBXBuildFile; fileRef = 990B01C720BC8D6000F2BA3F /* Constants.swift */; };
		990B01CA20BDF03900F2BA3F /* HighScoreNamePanel.swift in Sources */ = {isa = PBXBuildFile; fileRef = 990B01C920BDF03900F2BA3F /* HighScoreNamePanel.swift */; };
		990D6B18208548B800429C9D /* star.atlas in Resources */ = {isa = PBXBuildFile; fileRef = 990D6B17208548B800429C9D /* star.atlas */; };
		991AEE1B20D2E16A0041FC24 /* PausePanelNode.swift in Sources */ = {isa = PBXBuildFile; fileRef = 991AEE1A20D2E16A0041FC24 /* PausePanelNode.swift */; };
		991AEE1D20D3BC050041FC24 /* GameScene+Pause.swift in Sources */ = {isa = PBXBuildFile; fileRef = 991AEE1C20D3BC050041FC24 /* GameScene+Pause.swift */; };
		9938D3C620CD8D2100DE4604 /* BarrierNode.swift in Sources */ = {isa = PBXBuildFile; fileRef = 9938D3C520CD8D2100DE4604 /* BarrierNode.swift */; };
		993C7E4B20C1AFF30095D78D /* shieldFinish.wav in Resources */ = {isa = PBXBuildFile; fileRef = 993C7E4A20C1AFF30095D78D /* shieldFinish.wav */; };
		993C7E4D20C2D9BD0095D78D /* SKNodeExplosion.swift in Sources */ = {isa = PBXBuildFile; fileRef = 993C7E4C20C2D9BC0095D78D /* SKNodeExplosion.swift */; };
		993C7E4F20C2E0B90095D78D /* GameAssets.swift in Sources */ = {isa = PBXBuildFile; fileRef = 993C7E4E20C2E0B90095D78D /* GameAssets.swift */; };
		993C7E5220C2E6820095D78D /* redExplosion.atlas in Resources */ = {isa = PBXBuildFile; fileRef = 993C7E5120C2E6820095D78D /* redExplosion.atlas */; };
		993C7E5620C2EB8C0095D78D /* entityExplosion.atlas in Resources */ = {isa = PBXBuildFile; fileRef = 993C7E5520C2EB8C0095D78D /* entityExplosion.atlas */; };
		9959EF5520BDFCF400B7F64C /* gameSoundtrack.mp3 in Resources */ = {isa = PBXBuildFile; fileRef = 9959EF5420BDFCF400B7F64C /* gameSoundtrack.mp3 */; };
		9959EF5720BF37C500B7F64C /* ShieldPowerNode.swift in Sources */ = {isa = PBXBuildFile; fileRef = 9959EF5620BF37C500B7F64C /* ShieldPowerNode.swift */; };
		9959EF5B20BF4A9E00B7F64C /* shieldSound.wav in Resources */ = {isa = PBXBuildFile; fileRef = 9959EF5A20BF4A9E00B7F64C /* shieldSound.wav */; };
		99766E302084E58900AA937A /* GameOverPanelNode.swift in Sources */ = {isa = PBXBuildFile; fileRef = 99766E2F2084E58900AA937A /* GameOverPanelNode.swift */; };
		998ADBA420D6F64700EE7FEF /* MineNode.swift in Sources */ = {isa = PBXBuildFile; fileRef = 998ADBA320D6F64700EE7FEF /* MineNode.swift */; };
		998ADBA620D6F68600EE7FEF /* BombNode.swift in Sources */ = {isa = PBXBuildFile; fileRef = 998ADBA520D6F68600EE7FEF /* BombNode.swift */; };
		9990F75520D43E7A0007F0CA /* asteroid1.atlas in Resources */ = {isa = PBXBuildFile; fileRef = 9990F75320D43E7A0007F0CA /* asteroid1.atlas */; };
		9990F75720D443500007F0CA /* asteroid2.atlas in Resources */ = {isa = PBXBuildFile; fileRef = 9990F75620D443500007F0CA /* asteroid2.atlas */; };
		9990F75920D444070007F0CA /* RedAsteroidNode.swift in Sources */ = {isa = PBXBuildFile; fileRef = 9990F75820D444070007F0CA /* RedAsteroidNode.swift */; };
		9990F75B20D4441D0007F0CA /* GreyAsteroidNode.swift in Sources */ = {isa = PBXBuildFile; fileRef = 9990F75A20D4441D0007F0CA /* GreyAsteroidNode.swift */; };
		9990F75D20D5B27D0007F0CA /* LaserBeamNode.swift in Sources */ = {isa = PBXBuildFile; fileRef = 9990F75C20D5B27D0007F0CA /* LaserBeamNode.swift */; };
		999AC5B920C44BBB002B7852 /* blueShield.atlas in Resources */ = {isa = PBXBuildFile; fileRef = 999AC5B820C44BBB002B7852 /* blueShield.atlas */; };
		999AC5BC20C454BC002B7852 /* asteroidExplosion.atlas in Resources */ = {isa = PBXBuildFile; fileRef = 999AC5BB20C454BC002B7852 /* asteroidExplosion.atlas */; };
		99A357AF2079072400F86F84 /* MainMenuScene.swift in Sources */ = {isa = PBXBuildFile; fileRef = 99A357AE2079072400F86F84 /* MainMenuScene.swift */; };
		99A357B12079073400F86F84 /* GameOverScene.swift in Sources */ = {isa = PBXBuildFile; fileRef = 99A357B02079073400F86F84 /* GameOverScene.swift */; };
		99A357B32079082F00F86F84 /* introGravicaine.wav in Resources */ = {isa = PBXBuildFile; fileRef = 99A357B22079082F00F86F84 /* introGravicaine.wav */; };
		99A357B52079088E00F86F84 /* explosion.wav in Resources */ = {isa = PBXBuildFile; fileRef = 99A357B42079088E00F86F84 /* explosion.wav */; };
		99A357B820791BAE00F86F84 /* ship-fire.sks in Resources */ = {isa = PBXBuildFile; fileRef = 99A357B720791BAD00F86F84 /* ship-fire.sks */; };
		99A357BA20791F4000F86F84 /* spark.png in Resources */ = {isa = PBXBuildFile; fileRef = 99A357B920791F4000F86F84 /* spark.png */; };
		99A357BC207935E800F86F84 /* Jellee-Roman.ttf in Resources */ = {isa = PBXBuildFile; fileRef = 99A357BB207934C800F86F84 /* Jellee-Roman.ttf */; };
		99A357BE207A578700F86F84 /* Utils.swift in Sources */ = {isa = PBXBuildFile; fileRef = 99A357BD207A578700F86F84 /* Utils.swift */; };
		99A357C1207A587700F86F84 /* SpaceShip.swift in Sources */ = {isa = PBXBuildFile; fileRef = 99A357C0207A587700F86F84 /* SpaceShip.swift */; };
		99A357C3207A595000F86F84 /* laser.mp3 in Resources */ = {isa = PBXBuildFile; fileRef = 99A357C2207A595000F86F84 /* laser.mp3 */; };
		99A357C5207A75A000F86F84 /* GameLogic.swift in Sources */ = {isa = PBXBuildFile; fileRef = 99A357C4207A75A000F86F84 /* GameLogic.swift */; };
		99A357D520813F2B00F86F84 /* playerExplosion.atlas in Resources */ = {isa = PBXBuildFile; fileRef = 99A357D420813F2B00F86F84 /* playerExplosion.atlas */; };
		99A357D92082160F00F86F84 /* StartPanelNode.swift in Sources */ = {isa = PBXBuildFile; fileRef = 99A357D82082160F00F86F84 /* StartPanelNode.swift */; };
		99A40D4820754BE0000D5DD9 /* AppDelegate.swift in Sources */ = {isa = PBXBuildFile; fileRef = 99A40D4720754BE0000D5DD9 /* AppDelegate.swift */; };
		99A40D4A20754BE0000D5DD9 /* GameScene.sks in Resources */ = {isa = PBXBuildFile; fileRef = 99A40D4920754BE0000D5DD9 /* GameScene.sks */; };
		99A40D4C20754BE0000D5DD9 /* Actions.sks in Resources */ = {isa = PBXBuildFile; fileRef = 99A40D4B20754BE0000D5DD9 /* Actions.sks */; };
		99A40D4E20754BE0000D5DD9 /* GameScene.swift in Sources */ = {isa = PBXBuildFile; fileRef = 99A40D4D20754BE0000D5DD9 /* GameScene.swift */; };
		99A40D5020754BE0000D5DD9 /* GameViewController.swift in Sources */ = {isa = PBXBuildFile; fileRef = 99A40D4F20754BE0000D5DD9 /* GameViewController.swift */; };
		99A40D5320754BE0000D5DD9 /* Main.storyboard in Resources */ = {isa = PBXBuildFile; fileRef = 99A40D5120754BE0000D5DD9 /* Main.storyboard */; };
		99A40D5820754BE1000D5DD9 /* LaunchScreen.storyboard in Resources */ = {isa = PBXBuildFile; fileRef = 99A40D5620754BE1000D5DD9 /* LaunchScreen.storyboard */; };
		99B334D020B5E99D00AC5C59 /* HighScorePanelNode.swift in Sources */ = {isa = PBXBuildFile; fileRef = 99B334CF20B5E99D00AC5C59 /* HighScorePanelNode.swift */; };
		99B334D220BB355A00AC5C59 /* zoom.wav in Resources */ = {isa = PBXBuildFile; fileRef = 99B334D120BB355A00AC5C59 /* zoom.wav */; };
		99B334D420BB44AC00AC5C59 /* sound62.wav in Resources */ = {isa = PBXBuildFile; fileRef = 99B334D320BB44AC00AC5C59 /* sound62.wav */; };
		99BB472E20C5D6CF00401887 /* bombs.atlas in Resources */ = {isa = PBXBuildFile; fileRef = 99BB472D20C5D6CF00401887 /* bombs.atlas */; };
		99BB473020C5D74400401887 /* mines.atlas in Resources */ = {isa = PBXBuildFile; fileRef = 99BB472F20C5D74400401887 /* mines.atlas */; };
		99D9DE9120D04ACD005D1CD0 /* GapNode.swift in Sources */ = {isa = PBXBuildFile; fileRef = 99D9DE9020D04ACD005D1CD0 /* GapNode.swift */; };
		99D9DE9520D1C790005D1CD0 /* score.wav in Resources */ = {isa = PBXBuildFile; fileRef = 99D9DE9420D1C790005D1CD0 /* score.wav */; };
		99E9D3FE20D67B9D00B98EBE /* beam.atlas in Resources */ = {isa = PBXBuildFile; fileRef = 99E9D3FD20D67B9D00B98EBE /* beam.atlas */; };
		99E9D40020D67D2100B98EBE /* greenShield.atlas in Resources */ = {isa = PBXBuildFile; fileRef = 99E9D3FF20D67D2100B98EBE /* greenShield.atlas */; };
		99E9D40220D6827900B98EBE /* BlueShieldNode.swift in Sources */ = {isa = PBXBuildFile; fileRef = 99E9D40120D6827900B98EBE /* BlueShieldNode.swift */; };
		99E9D40920DCD12E00B98EBE /* README.md in Resources */ = {isa = PBXBuildFile; fileRef = 99E9D40820DCD12E00B98EBE /* README.md */; };
		99E9D40B20DE62CD00B98EBE /* Assets.xcassets in Resources */ = {isa = PBXBuildFile; fileRef = 99E9D40A20DE62CD00B98EBE /* Assets.xcassets */; };
		99E9D40D20DFA1E100B98EBE /* Theme.mp3 in Resources */ = {isa = PBXBuildFile; fileRef = 99E9D40C20DFA1E100B98EBE /* Theme.mp3 */; };
		99E9D40F20DFA21200B98EBE /* gameMusic.mp3 in Resources */ = {isa = PBXBuildFile; fileRef = 99E9D40E20DFA21200B98EBE /* gameMusic.mp3 */; };
		99E9D41320DFF7B400B98EBE /* GameScene+Barriers.swift in Sources */ = {isa = PBXBuildFile; fileRef = 99E9D41220DFF7B400B98EBE /* GameScene+Barriers.swift */; };
		99E9D41520DFF89900B98EBE /* GameScene+Asteroids.swift in Sources */ = {isa = PBXBuildFile; fileRef = 99E9D41420DFF89900B98EBE /* GameScene+Asteroids.swift */; };
		99E9D41720DFF8DE00B98EBE /* GameScene+Mines.swift in Sources */ = {isa = PBXBuildFile; fileRef = 99E9D41620DFF8DE00B98EBE /* GameScene+Mines.swift */; };
		99E9D41920DFF91500B98EBE /* GameScene+Laser.swift in Sources */ = {isa = PBXBuildFile; fileRef = 99E9D41820DFF91500B98EBE /* GameScene+Laser.swift */; };
		99FB2C8720B1B458003C7510 /* PowerUpNode.swift in Sources */ = {isa = PBXBuildFile; fileRef = 99FB2C8620B1B458003C7510 /* PowerUpNode.swift */; };
		99FB2C8920B1C108003C7510 /* Powerup.wav in Resources */ = {isa = PBXBuildFile; fileRef = 99FB2C8820B1C108003C7510 /* Powerup.wav */; };
/* End PBXBuildFile section */

/* Begin PBXFileReference section */
		815AF9BCFF81C29FF9F618E2 /* Pods-Gravicaine.debug.xcconfig */ = {isa = PBXFileReference; includeInIndex = 1; lastKnownFileType = text.xcconfig; name = "Pods-Gravicaine.debug.xcconfig"; path = "Pods/Target Support Files/Pods-Gravicaine/Pods-Gravicaine.debug.xcconfig"; sourceTree = "<group>"; };
		990B01C320BC583F00F2BA3F /* GreenShieldNode.swift */ = {isa = PBXFileReference; lastKnownFileType = sourcecode.swift; path = GreenShieldNode.swift; sourceTree = "<group>"; };
		990B01C520BC5B2700F2BA3F /* shield.atlas */ = {isa = PBXFileReference; lastKnownFileType = folder.skatlas; path = shield.atlas; sourceTree = "<group>"; };
		990B01C720BC8D6000F2BA3F /* Constants.swift */ = {isa = PBXFileReference; lastKnownFileType = sourcecode.swift; path = Constants.swift; sourceTree = "<group>"; };
		990B01C920BDF03900F2BA3F /* HighScoreNamePanel.swift */ = {isa = PBXFileReference; lastKnownFileType = sourcecode.swift; path = HighScoreNamePanel.swift; sourceTree = "<group>"; };
		990D6B17208548B800429C9D /* star.atlas */ = {isa = PBXFileReference; lastKnownFileType = folder.skatlas; path = star.atlas; sourceTree = "<group>"; };
		991AEE1A20D2E16A0041FC24 /* PausePanelNode.swift */ = {isa = PBXFileReference; lastKnownFileType = sourcecode.swift; path = PausePanelNode.swift; sourceTree = "<group>"; };
		991AEE1C20D3BC050041FC24 /* GameScene+Pause.swift */ = {isa = PBXFileReference; lastKnownFileType = sourcecode.swift; path = "GameScene+Pause.swift"; sourceTree = "<group>"; };
		9938D3C520CD8D2100DE4604 /* BarrierNode.swift */ = {isa = PBXFileReference; lastKnownFileType = sourcecode.swift; path = BarrierNode.swift; sourceTree = "<group>"; };
		993C7E4A20C1AFF30095D78D /* shieldFinish.wav */ = {isa = PBXFileReference; lastKnownFileType = audio.wav; path = shieldFinish.wav; sourceTree = "<group>"; };
		993C7E4C20C2D9BC0095D78D /* SKNodeExplosion.swift */ = {isa = PBXFileReference; fileEncoding = 4; lastKnownFileType = sourcecode.swift; path = SKNodeExplosion.swift; sourceTree = "<group>"; };
		993C7E4E20C2E0B90095D78D /* GameAssets.swift */ = {isa = PBXFileReference; lastKnownFileType = sourcecode.swift; path = GameAssets.swift; sourceTree = "<group>"; };
		993C7E5120C2E6820095D78D /* redExplosion.atlas */ = {isa = PBXFileReference; lastKnownFileType = folder.skatlas; path = redExplosion.atlas; sourceTree = "<group>"; };
		993C7E5520C2EB8C0095D78D /* entityExplosion.atlas */ = {isa = PBXFileReference; lastKnownFileType = folder.skatlas; path = entityExplosion.atlas; sourceTree = "<group>"; };
		9959EF5420BDFCF400B7F64C /* gameSoundtrack.mp3 */ = {isa = PBXFileReference; lastKnownFileType = audio.mp3; path = gameSoundtrack.mp3; sourceTree = "<group>"; };
		9959EF5620BF37C500B7F64C /* ShieldPowerNode.swift */ = {isa = PBXFileReference; lastKnownFileType = sourcecode.swift; path = ShieldPowerNode.swift; sourceTree = "<group>"; };
		9959EF5A20BF4A9E00B7F64C /* shieldSound.wav */ = {isa = PBXFileReference; lastKnownFileType = audio.wav; path = shieldSound.wav; sourceTree = "<group>"; };
		99766E2F2084E58900AA937A /* GameOverPanelNode.swift */ = {isa = PBXFileReference; lastKnownFileType = sourcecode.swift; path = GameOverPanelNode.swift; sourceTree = "<group>"; };
		998ADBA320D6F64700EE7FEF /* MineNode.swift */ = {isa = PBXFileReference; lastKnownFileType = sourcecode.swift; path = MineNode.swift; sourceTree = "<group>"; };
		998ADBA520D6F68600EE7FEF /* BombNode.swift */ = {isa = PBXFileReference; lastKnownFileType = sourcecode.swift; path = BombNode.swift; sourceTree = "<group>"; };
		9990F75320D43E7A0007F0CA /* asteroid1.atlas */ = {isa = PBXFileReference; lastKnownFileType = folder.skatlas; path = asteroid1.atlas; sourceTree = "<group>"; };
		9990F75620D443500007F0CA /* asteroid2.atlas */ = {isa = PBXFileReference; lastKnownFileType = folder.skatlas; path = asteroid2.atlas; sourceTree = "<group>"; };
		9990F75820D444070007F0CA /* RedAsteroidNode.swift */ = {isa = PBXFileReference; lastKnownFileType = sourcecode.swift; path = RedAsteroidNode.swift; sourceTree = "<group>"; };
		9990F75A20D4441D0007F0CA /* GreyAsteroidNode.swift */ = {isa = PBXFileReference; lastKnownFileType = sourcecode.swift; path = GreyAsteroidNode.swift; sourceTree = "<group>"; };
		9990F75C20D5B27D0007F0CA /* LaserBeamNode.swift */ = {isa = PBXFileReference; lastKnownFileType = sourcecode.swift; path = LaserBeamNode.swift; sourceTree = "<group>"; };
		999AC5B820C44BBB002B7852 /* blueShield.atlas */ = {isa = PBXFileReference; lastKnownFileType = folder.skatlas; path = blueShield.atlas; sourceTree = "<group>"; };
		999AC5BB20C454BC002B7852 /* asteroidExplosion.atlas */ = {isa = PBXFileReference; lastKnownFileType = folder.skatlas; path = asteroidExplosion.atlas; sourceTree = "<group>"; };
		99A357AE2079072400F86F84 /* MainMenuScene.swift */ = {isa = PBXFileReference; lastKnownFileType = sourcecode.swift; path = MainMenuScene.swift; sourceTree = "<group>"; };
		99A357B02079073400F86F84 /* GameOverScene.swift */ = {isa = PBXFileReference; lastKnownFileType = sourcecode.swift; path = GameOverScene.swift; sourceTree = "<group>"; };
		99A357B22079082F00F86F84 /* introGravicaine.wav */ = {isa = PBXFileReference; lastKnownFileType = audio.wav; path = introGravicaine.wav; sourceTree = "<group>"; };
		99A357B42079088E00F86F84 /* explosion.wav */ = {isa = PBXFileReference; lastKnownFileType = audio.wav; path = explosion.wav; sourceTree = "<group>"; };
		99A357B720791BAD00F86F84 /* ship-fire.sks */ = {isa = PBXFileReference; lastKnownFileType = file.sks; path = "ship-fire.sks"; sourceTree = "<group>"; };
		99A357B920791F4000F86F84 /* spark.png */ = {isa = PBXFileReference; lastKnownFileType = image.png; path = spark.png; sourceTree = "<group>"; };
		99A357BB207934C800F86F84 /* Jellee-Roman.ttf */ = {isa = PBXFileReference; lastKnownFileType = file; path = "Jellee-Roman.ttf"; sourceTree = "<group>"; };
		99A357BD207A578700F86F84 /* Utils.swift */ = {isa = PBXFileReference; fileEncoding = 4; lastKnownFileType = sourcecode.swift; path = Utils.swift; sourceTree = "<group>"; };
		99A357C0207A587700F86F84 /* SpaceShip.swift */ = {isa = PBXFileReference; fileEncoding = 4; lastKnownFileType = sourcecode.swift; path = SpaceShip.swift; sourceTree = "<group>"; };
		99A357C2207A595000F86F84 /* laser.mp3 */ = {isa = PBXFileReference; lastKnownFileType = audio.mp3; path = laser.mp3; sourceTree = "<group>"; };
		99A357C4207A75A000F86F84 /* GameLogic.swift */ = {isa = PBXFileReference; fileEncoding = 4; lastKnownFileType = sourcecode.swift; path = GameLogic.swift; sourceTree = "<group>"; };
		99A357D420813F2B00F86F84 /* playerExplosion.atlas */ = {isa = PBXFileReference; lastKnownFileType = folder.skatlas; path = playerExplosion.atlas; sourceTree = "<group>"; };
		99A357D82082160F00F86F84 /* StartPanelNode.swift */ = {isa = PBXFileReference; fileEncoding = 4; lastKnownFileType = sourcecode.swift; path = StartPanelNode.swift; sourceTree = "<group>"; };
		99A40D4420754BE0000D5DD9 /* Gravicaine.app */ = {isa = PBXFileReference; explicitFileType = wrapper.application; includeInIndex = 0; path = Gravicaine.app; sourceTree = BUILT_PRODUCTS_DIR; };
		99A40D4720754BE0000D5DD9 /* AppDelegate.swift */ = {isa = PBXFileReference; lastKnownFileType = sourcecode.swift; path = AppDelegate.swift; sourceTree = "<group>"; };
		99A40D4920754BE0000D5DD9 /* GameScene.sks */ = {isa = PBXFileReference; lastKnownFileType = file.sks; path = GameScene.sks; sourceTree = "<group>"; };
		99A40D4B20754BE0000D5DD9 /* Actions.sks */ = {isa = PBXFileReference; lastKnownFileType = file.sks; path = Actions.sks; sourceTree = "<group>"; };
		99A40D4D20754BE0000D5DD9 /* GameScene.swift */ = {isa = PBXFileReference; lastKnownFileType = sourcecode.swift; path = GameScene.swift; sourceTree = "<group>"; };
		99A40D4F20754BE0000D5DD9 /* GameViewController.swift */ = {isa = PBXFileReference; lastKnownFileType = sourcecode.swift; path = GameViewController.swift; sourceTree = "<group>"; };
		99A40D5220754BE0000D5DD9 /* Base */ = {isa = PBXFileReference; lastKnownFileType = file.storyboard; name = Base; path = Base.lproj/Main.storyboard; sourceTree = "<group>"; };
		99A40D5720754BE1000D5DD9 /* Base */ = {isa = PBXFileReference; lastKnownFileType = file.storyboard; name = Base; path = Base.lproj/LaunchScreen.storyboard; sourceTree = "<group>"; };
		99A40D5920754BE1000D5DD9 /* Info.plist */ = {isa = PBXFileReference; lastKnownFileType = text.plist.xml; path = Info.plist; sourceTree = "<group>"; };
		99B334CF20B5E99D00AC5C59 /* HighScorePanelNode.swift */ = {isa = PBXFileReference; lastKnownFileType = sourcecode.swift; path = HighScorePanelNode.swift; sourceTree = "<group>"; };
		99B334D120BB355A00AC5C59 /* zoom.wav */ = {isa = PBXFileReference; lastKnownFileType = audio.wav; path = zoom.wav; sourceTree = "<group>"; };
		99B334D320BB44AC00AC5C59 /* sound62.wav */ = {isa = PBXFileReference; lastKnownFileType = audio.wav; path = sound62.wav; sourceTree = "<group>"; };
		99BB472D20C5D6CF00401887 /* bombs.atlas */ = {isa = PBXFileReference; lastKnownFileType = folder.skatlas; path = bombs.atlas; sourceTree = "<group>"; };
		99BB472F20C5D74400401887 /* mines.atlas */ = {isa = PBXFileReference; lastKnownFileType = folder.skatlas; path = mines.atlas; sourceTree = "<group>"; };
		99D9DE9020D04ACD005D1CD0 /* GapNode.swift */ = {isa = PBXFileReference; lastKnownFileType = sourcecode.swift; path = GapNode.swift; sourceTree = "<group>"; };
		99D9DE9420D1C790005D1CD0 /* score.wav */ = {isa = PBXFileReference; lastKnownFileType = audio.wav; path = score.wav; sourceTree = "<group>"; };
		99E9D3FD20D67B9D00B98EBE /* beam.atlas */ = {isa = PBXFileReference; lastKnownFileType = folder.skatlas; path = beam.atlas; sourceTree = "<group>"; };
		99E9D3FF20D67D2100B98EBE /* greenShield.atlas */ = {isa = PBXFileReference; lastKnownFileType = folder.skatlas; path = greenShield.atlas; sourceTree = "<group>"; };
		99E9D40120D6827900B98EBE /* BlueShieldNode.swift */ = {isa = PBXFileReference; lastKnownFileType = sourcecode.swift; path = BlueShieldNode.swift; sourceTree = "<group>"; };
		99E9D40820DCD12E00B98EBE /* README.md */ = {isa = PBXFileReference; fileEncoding = 4; lastKnownFileType = net.daringfireball.markdown; path = README.md; sourceTree = "<group>"; };
		99E9D40A20DE62CD00B98EBE /* Assets.xcassets */ = {isa = PBXFileReference; lastKnownFileType = folder.assetcatalog; path = Assets.xcassets; sourceTree = "<group>"; };
		99E9D40C20DFA1E100B98EBE /* Theme.mp3 */ = {isa = PBXFileReference; lastKnownFileType = audio.mp3; path = Theme.mp3; sourceTree = "<group>"; };
		99E9D40E20DFA21200B98EBE /* gameMusic.mp3 */ = {isa = PBXFileReference; lastKnownFileType = audio.mp3; path = gameMusic.mp3; sourceTree = "<group>"; };
		99E9D41220DFF7B400B98EBE /* GameScene+Barriers.swift */ = {isa = PBXFileReference; lastKnownFileType = sourcecode.swift; path = "GameScene+Barriers.swift"; sourceTree = "<group>"; };
		99E9D41420DFF89900B98EBE /* GameScene+Asteroids.swift */ = {isa = PBXFileReference; lastKnownFileType = sourcecode.swift; path = "GameScene+Asteroids.swift"; sourceTree = "<group>"; };
		99E9D41620DFF8DE00B98EBE /* GameScene+Mines.swift */ = {isa = PBXFileReference; lastKnownFileType = sourcecode.swift; path = "GameScene+Mines.swift"; sourceTree = "<group>"; };
		99E9D41820DFF91500B98EBE /* GameScene+Laser.swift */ = {isa = PBXFileReference; lastKnownFileType = sourcecode.swift; path = "GameScene+Laser.swift"; sourceTree = "<group>"; };
		99FB2C8620B1B458003C7510 /* PowerUpNode.swift */ = {isa = PBXFileReference; lastKnownFileType = sourcecode.swift; path = PowerUpNode.swift; sourceTree = "<group>"; };
		99FB2C8820B1C108003C7510 /* Powerup.wav */ = {isa = PBXFileReference; lastKnownFileType = audio.wav; path = Powerup.wav; sourceTree = "<group>"; };
		A56FAA6595503966B1D24FFE /* Pods_Gravicaine.framework */ = {isa = PBXFileReference; explicitFileType = wrapper.framework; includeInIndex = 0; path = Pods_Gravicaine.framework; sourceTree = BUILT_PRODUCTS_DIR; };
		BAFDDEF2560244D4BAE4666B /* Pods-Gravicaine.release.xcconfig */ = {isa = PBXFileReference; includeInIndex = 1; lastKnownFileType = text.xcconfig; name = "Pods-Gravicaine.release.xcconfig"; path = "Pods/Target Support Files/Pods-Gravicaine/Pods-Gravicaine.release.xcconfig"; sourceTree = "<group>"; };
/* End PBXFileReference section */

/* Begin PBXFrameworksBuildPhase section */
		99A40D4120754BE0000D5DD9 /* Frameworks */ = {
			isa = PBXFrameworksBuildPhase;
			buildActionMask = 2147483647;
			files = (
				4A035864AE54CF6BD778EDCF /* Pods_Gravicaine.framework in Frameworks */,
			);
			runOnlyForDeploymentPostprocessing = 0;
		};
/* End PBXFrameworksBuildPhase section */

/* Begin PBXGroup section */
		999AC5BA20C44F04002B7852 /* Texture Atlases */ = {
			isa = PBXGroup;
			children = (
				99E9D3FF20D67D2100B98EBE /* greenShield.atlas */,
				99E9D3FD20D67B9D00B98EBE /* beam.atlas */,
				9990F75620D443500007F0CA /* asteroid2.atlas */,
				9990F75320D43E7A0007F0CA /* asteroid1.atlas */,
				99BB472F20C5D74400401887 /* mines.atlas */,
				99BB472D20C5D6CF00401887 /* bombs.atlas */,
				999AC5BB20C454BC002B7852 /* asteroidExplosion.atlas */,
				99A357D420813F2B00F86F84 /* playerExplosion.atlas */,
				990D6B17208548B800429C9D /* star.atlas */,
				990B01C520BC5B2700F2BA3F /* shield.atlas */,
				993C7E5120C2E6820095D78D /* redExplosion.atlas */,
				993C7E5520C2EB8C0095D78D /* entityExplosion.atlas */,
				999AC5B820C44BBB002B7852 /* blueShield.atlas */,
			);
			path = "Texture Atlases";
			sourceTree = "<group>";
		};
		99A357AC2079015700F86F84 /* Scenes */ = {
			isa = PBXGroup;
			children = (
				99A40D4D20754BE0000D5DD9 /* GameScene.swift */,
				99E9D41820DFF91500B98EBE /* GameScene+Laser.swift */,
				99A357AE2079072400F86F84 /* MainMenuScene.swift */,
				99A357B02079073400F86F84 /* GameOverScene.swift */,
				991AEE1C20D3BC050041FC24 /* GameScene+Pause.swift */,
				99E9D41220DFF7B400B98EBE /* GameScene+Barriers.swift */,
				99E9D41420DFF89900B98EBE /* GameScene+Asteroids.swift */,
				99E9D41620DFF8DE00B98EBE /* GameScene+Mines.swift */,
			);
			path = Scenes;
			sourceTree = "<group>";
		};
		99A357AD2079018C00F86F84 /* Sounds */ = {
			isa = PBXGroup;
			children = (
				99A357B22079082F00F86F84 /* introGravicaine.wav */,
				99A357C2207A595000F86F84 /* laser.mp3 */,
				99A357B42079088E00F86F84 /* explosion.wav */,
				99FB2C8820B1C108003C7510 /* Powerup.wav */,
				99B334D120BB355A00AC5C59 /* zoom.wav */,
				99B334D320BB44AC00AC5C59 /* sound62.wav */,
				9959EF5420BDFCF400B7F64C /* gameSoundtrack.mp3 */,
				9959EF5A20BF4A9E00B7F64C /* shieldSound.wav */,
				993C7E4A20C1AFF30095D78D /* shieldFinish.wav */,
				99D9DE9420D1C790005D1CD0 /* score.wav */,
				99E9D40C20DFA1E100B98EBE /* Theme.mp3 */,
				99E9D40E20DFA21200B98EBE /* gameMusic.mp3 */,
			);
			path = Sounds;
			sourceTree = "<group>";
		};
		99A357B620791B9900F86F84 /* Particles */ = {
			isa = PBXGroup;
			children = (
				99A357B920791F4000F86F84 /* spark.png */,
				99A357B720791BAD00F86F84 /* ship-fire.sks */,
			);
			path = Particles;
			sourceTree = "<group>";
		};
		99A357BF207A585500F86F84 /* Nodes */ = {
			isa = PBXGroup;
			children = (
				99A7EBBB20C1C4FB00336F91 /* Panels */,
				99A357C0207A587700F86F84 /* SpaceShip.swift */,
				99FB2C8620B1B458003C7510 /* PowerUpNode.swift */,
				990B01C320BC583F00F2BA3F /* GreenShieldNode.swift */,
				9959EF5620BF37C500B7F64C /* ShieldPowerNode.swift */,
				993C7E4C20C2D9BC0095D78D /* SKNodeExplosion.swift */,
				9938D3C520CD8D2100DE4604 /* BarrierNode.swift */,
				99D9DE9020D04ACD005D1CD0 /* GapNode.swift */,
				9990F75820D444070007F0CA /* RedAsteroidNode.swift */,
				9990F75A20D4441D0007F0CA /* GreyAsteroidNode.swift */,
				9990F75C20D5B27D0007F0CA /* LaserBeamNode.swift */,
				99E9D40120D6827900B98EBE /* BlueShieldNode.swift */,
				998ADBA320D6F64700EE7FEF /* MineNode.swift */,
				998ADBA520D6F68600EE7FEF /* BombNode.swift */,
			);
			path = Nodes;
			sourceTree = "<group>";
		};
		99A40D3B20754BE0000D5DD9 = {
			isa = PBXGroup;
			children = (
				999AC5BA20C44F04002B7852 /* Texture Atlases */,
				99A357BF207A585500F86F84 /* Nodes */,
				99A357B620791B9900F86F84 /* Particles */,
				99A357AD2079018C00F86F84 /* Sounds */,
				99A357AC2079015700F86F84 /* Scenes */,
				99A40D4620754BE0000D5DD9 /* Gravicaine */,
				99A40D4520754BE0000D5DD9 /* Products */,
				99A357BB207934C800F86F84 /* Jellee-Roman.ttf */,
				D479219090702CBB12C12338 /* Pods */,
				A3762E0876A50ED7AFA3655A /* Frameworks */,
			);
			sourceTree = "<group>";
		};
		99A40D4520754BE0000D5DD9 /* Products */ = {
			isa = PBXGroup;
			children = (
				99A40D4420754BE0000D5DD9 /* Gravicaine.app */,
			);
			name = Products;
			sourceTree = "<group>";
		};
		99A40D4620754BE0000D5DD9 /* Gravicaine */ = {
			isa = PBXGroup;
			children = (
				99A357BD207A578700F86F84 /* Utils.swift */,
				99A357C4207A75A000F86F84 /* GameLogic.swift */,
				99A40D4720754BE0000D5DD9 /* AppDelegate.swift */,
				99A40D4920754BE0000D5DD9 /* GameScene.sks */,
				99A40D4B20754BE0000D5DD9 /* Actions.sks */,
				99A40D4F20754BE0000D5DD9 /* GameViewController.swift */,
				99A40D5120754BE0000D5DD9 /* Main.storyboard */,
				99A40D5620754BE1000D5DD9 /* LaunchScreen.storyboard */,
				99A40D5920754BE1000D5DD9 /* Info.plist */,
				990B01C720BC8D6000F2BA3F /* Constants.swift */,
				993C7E4E20C2E0B90095D78D /* GameAssets.swift */,
				99E9D40820DCD12E00B98EBE /* README.md */,
				99E9D40A20DE62CD00B98EBE /* Assets.xcassets */,
			);
			path = Gravicaine;
			sourceTree = "<group>";
		};
		99A7EBBB20C1C4FB00336F91 /* Panels */ = {
			isa = PBXGroup;
			children = (
				990B01C920BDF03900F2BA3F /* HighScoreNamePanel.swift */,
				99B334CF20B5E99D00AC5C59 /* HighScorePanelNode.swift */,
				99766E2F2084E58900AA937A /* GameOverPanelNode.swift */,
				99A357D82082160F00F86F84 /* StartPanelNode.swift */,
				991AEE1A20D2E16A0041FC24 /* PausePanelNode.swift */,
			);
			path = Panels;
			sourceTree = "<group>";
		};
		A3762E0876A50ED7AFA3655A /* Frameworks */ = {
			isa = PBXGroup;
			children = (
				A56FAA6595503966B1D24FFE /* Pods_Gravicaine.framework */,
			);
			name = Frameworks;
			sourceTree = "<group>";
		};
		D479219090702CBB12C12338 /* Pods */ = {
			isa = PBXGroup;
			children = (
				815AF9BCFF81C29FF9F618E2 /* Pods-Gravicaine.debug.xcconfig */,
				BAFDDEF2560244D4BAE4666B /* Pods-Gravicaine.release.xcconfig */,
			);
			name = Pods;
			sourceTree = "<group>";
		};
/* End PBXGroup section */

/* Begin PBXNativeTarget section */
		99A40D4320754BE0000D5DD9 /* Gravicaine */ = {
			isa = PBXNativeTarget;
			buildConfigurationList = 99A40D5C20754BE1000D5DD9 /* Build configuration list for PBXNativeTarget "Gravicaine" */;
			buildPhases = (
				A1FEB90B1D16DC110484EDB2 /* [CP] Check Pods Manifest.lock */,
				99A40D4020754BE0000D5DD9 /* Sources */,
				99A40D4120754BE0000D5DD9 /* Frameworks */,
				99A40D4220754BE0000D5DD9 /* Resources */,
				435C4AD9619825D44C2DC1B3 /* [CP] Embed Pods Frameworks */,
			);
			buildRules = (
			);
			dependencies = (
			);
			name = Gravicaine;
			productName = Gravicaine;
			productReference = 99A40D4420754BE0000D5DD9 /* Gravicaine.app */;
			productType = "com.apple.product-type.application";
		};
/* End PBXNativeTarget section */

/* Begin PBXProject section */
		99A40D3C20754BE0000D5DD9 /* Project object */ = {
			isa = PBXProject;
			attributes = {
				LastSwiftUpdateCheck = 0930;
				LastUpgradeCheck = 0930;
				ORGANIZATIONNAME = "Stephen Ball";
				TargetAttributes = {
					99A40D4320754BE0000D5DD9 = {
						CreatedOnToolsVersion = 9.3;
					};
				};
			};
			buildConfigurationList = 99A40D3F20754BE0000D5DD9 /* Build configuration list for PBXProject "Gravicaine" */;
			compatibilityVersion = "Xcode 9.3";
			developmentRegion = en;
			hasScannedForEncodings = 0;
			knownRegions = (
				en,
				Base,
			);
			mainGroup = 99A40D3B20754BE0000D5DD9;
			productRefGroup = 99A40D4520754BE0000D5DD9 /* Products */;
			projectDirPath = "";
			projectRoot = "";
			targets = (
				99A40D4320754BE0000D5DD9 /* Gravicaine */,
			);
		};
/* End PBXProject section */

/* Begin PBXResourcesBuildPhase section */
		99A40D4220754BE0000D5DD9 /* Resources */ = {
			isa = PBXResourcesBuildPhase;
			buildActionMask = 2147483647;
			files = (
				99A357BC207935E800F86F84 /* Jellee-Roman.ttf in Resources */,
				99A40D5320754BE0000D5DD9 /* Main.storyboard in Resources */,
				99A357D520813F2B00F86F84 /* playerExplosion.atlas in Resources */,
				990D6B18208548B800429C9D /* star.atlas in Resources */,
				99A357BA20791F4000F86F84 /* spark.png in Resources */,
				99A40D4A20754BE0000D5DD9 /* GameScene.sks in Resources */,
				99BB472E20C5D6CF00401887 /* bombs.atlas in Resources */,
				999AC5BC20C454BC002B7852 /* asteroidExplosion.atlas in Resources */,
				99BB473020C5D74400401887 /* mines.atlas in Resources */,
				99A357B52079088E00F86F84 /* explosion.wav in Resources */,
				990B01C620BC5B2700F2BA3F /* shield.atlas in Resources */,
				9990F75720D443500007F0CA /* asteroid2.atlas in Resources */,
				999AC5B920C44BBB002B7852 /* blueShield.atlas in Resources */,
				99A357B820791BAE00F86F84 /* ship-fire.sks in Resources */,
				9959EF5B20BF4A9E00B7F64C /* shieldSound.wav in Resources */,
				99B334D420BB44AC00AC5C59 /* sound62.wav in Resources */,
				9959EF5520BDFCF400B7F64C /* gameSoundtrack.mp3 in Resources */,
				99E9D40020D67D2100B98EBE /* greenShield.atlas in Resources */,
				993C7E5220C2E6820095D78D /* redExplosion.atlas in Resources */,
				9990F75520D43E7A0007F0CA /* asteroid1.atlas in Resources */,
				99B334D220BB355A00AC5C59 /* zoom.wav in Resources */,
				99E9D40920DCD12E00B98EBE /* README.md in Resources */,
				99FB2C8920B1C108003C7510 /* Powerup.wav in Resources */,
				99A40D5820754BE1000D5DD9 /* LaunchScreen.storyboard in Resources */,
				99A357C3207A595000F86F84 /* laser.mp3 in Resources */,
				99E9D3FE20D67B9D00B98EBE /* beam.atlas in Resources */,
				99E9D40F20DFA21200B98EBE /* gameMusic.mp3 in Resources */,
				99D9DE9520D1C790005D1CD0 /* score.wav in Resources */,
				99E9D40D20DFA1E100B98EBE /* Theme.mp3 in Resources */,
				993C7E5620C2EB8C0095D78D /* entityExplosion.atlas in Resources */,
				99A40D4C20754BE0000D5DD9 /* Actions.sks in Resources */,
				99A357B32079082F00F86F84 /* introGravicaine.wav in Resources */,
				99E9D40B20DE62CD00B98EBE /* Assets.xcassets in Resources */,
				993C7E4B20C1AFF30095D78D /* shieldFinish.wav in Resources */,
			);
			runOnlyForDeploymentPostprocessing = 0;
		};
/* End PBXResourcesBuildPhase section */

/* Begin PBXShellScriptBuildPhase section */
		435C4AD9619825D44C2DC1B3 /* [CP] Embed Pods Frameworks */ = {
			isa = PBXShellScriptBuildPhase;
			buildActionMask = 2147483647;
			files = (
			);
			inputPaths = (
				"${SRCROOT}/Pods/Target Support Files/Pods-Gravicaine/Pods-Gravicaine-frameworks.sh",
				"${BUILT_PRODUCTS_DIR}/QuickLayout/QuickLayout.framework",
				"${BUILT_PRODUCTS_DIR}/SwiftEntryKit/SwiftEntryKit.framework",
			);
			name = "[CP] Embed Pods Frameworks";
			outputPaths = (
				"${TARGET_BUILD_DIR}/${FRAMEWORKS_FOLDER_PATH}/QuickLayout.framework",
				"${TARGET_BUILD_DIR}/${FRAMEWORKS_FOLDER_PATH}/SwiftEntryKit.framework",
			);
			runOnlyForDeploymentPostprocessing = 0;
			shellPath = /bin/sh;
			shellScript = "\"${SRCROOT}/Pods/Target Support Files/Pods-Gravicaine/Pods-Gravicaine-frameworks.sh\"\n";
			showEnvVarsInLog = 0;
		};
		A1FEB90B1D16DC110484EDB2 /* [CP] Check Pods Manifest.lock */ = {
			isa = PBXShellScriptBuildPhase;
			buildActionMask = 2147483647;
			files = (
			);
			inputPaths = (
				"${PODS_PODFILE_DIR_PATH}/Podfile.lock",
				"${PODS_ROOT}/Manifest.lock",
			);
			name = "[CP] Check Pods Manifest.lock";
			outputPaths = (
				"$(DERIVED_FILE_DIR)/Pods-Gravicaine-checkManifestLockResult.txt",
			);
			runOnlyForDeploymentPostprocessing = 0;
			shellPath = /bin/sh;
			shellScript = "diff \"${PODS_PODFILE_DIR_PATH}/Podfile.lock\" \"${PODS_ROOT}/Manifest.lock\" > /dev/null\nif [ $? != 0 ] ; then\n    # print error to STDERR\n    echo \"error: The sandbox is not in sync with the Podfile.lock. Run 'pod install' or update your CocoaPods installation.\" >&2\n    exit 1\nfi\n# This output is used by Xcode 'outputs' to avoid re-running this script phase.\necho \"SUCCESS\" > \"${SCRIPT_OUTPUT_FILE_0}\"\n";
			showEnvVarsInLog = 0;
		};
/* End PBXShellScriptBuildPhase section */

/* Begin PBXSourcesBuildPhase section */
		99A40D4020754BE0000D5DD9 /* Sources */ = {
			isa = PBXSourcesBuildPhase;
			buildActionMask = 2147483647;
			files = (
				998ADBA420D6F64700EE7FEF /* MineNode.swift in Sources */,
				99A357B12079073400F86F84 /* GameOverScene.swift in Sources */,
				9938D3C620CD8D2100DE4604 /* BarrierNode.swift in Sources */,
				99A40D4E20754BE0000D5DD9 /* GameScene.swift in Sources */,
				991AEE1B20D2E16A0041FC24 /* PausePanelNode.swift in Sources */,
				99E9D40220D6827900B98EBE /* BlueShieldNode.swift in Sources */,
				99A357C5207A75A000F86F84 /* GameLogic.swift in Sources */,
				99A357C1207A587700F86F84 /* SpaceShip.swift in Sources */,
				9990F75B20D4441D0007F0CA /* GreyAsteroidNode.swift in Sources */,
				9959EF5720BF37C500B7F64C /* ShieldPowerNode.swift in Sources */,
				99B334D020B5E99D00AC5C59 /* HighScorePanelNode.swift in Sources */,
				99A40D5020754BE0000D5DD9 /* GameViewController.swift in Sources */,
				991AEE1D20D3BC050041FC24 /* GameScene+Pause.swift in Sources */,
				99E9D41320DFF7B400B98EBE /* GameScene+Barriers.swift in Sources */,
				990B01C820BC8D6000F2BA3F /* Constants.swift in Sources */,
				99E9D41720DFF8DE00B98EBE /* GameScene+Mines.swift in Sources */,
				9990F75920D444070007F0CA /* RedAsteroidNode.swift in Sources */,
				99A357D92082160F00F86F84 /* StartPanelNode.swift in Sources */,
				990B01C420BC583F00F2BA3F /* GreenShieldNode.swift in Sources */,
				99D9DE9120D04ACD005D1CD0 /* GapNode.swift in Sources */,
				99766E302084E58900AA937A /* GameOverPanelNode.swift in Sources */,
				9990F75D20D5B27D0007F0CA /* LaserBeamNode.swift in Sources */,
				99FB2C8720B1B458003C7510 /* PowerUpNode.swift in Sources */,
				99A357AF2079072400F86F84 /* MainMenuScene.swift in Sources */,
				99E9D41520DFF89900B98EBE /* GameScene+Asteroids.swift in Sources */,
				99A40D4820754BE0000D5DD9 /* AppDelegate.swift in Sources */,
				99E9D41920DFF91500B98EBE /* GameScene+Laser.swift in Sources */,
				993C7E4D20C2D9BD0095D78D /* SKNodeExplosion.swift in Sources */,
				990B01CA20BDF03900F2BA3F /* HighScoreNamePanel.swift in Sources */,
				99A357BE207A578700F86F84 /* Utils.swift in Sources */,
				993C7E4F20C2E0B90095D78D /* GameAssets.swift in Sources */,
				998ADBA620D6F68600EE7FEF /* BombNode.swift in Sources */,
			);
			runOnlyForDeploymentPostprocessing = 0;
		};
/* End PBXSourcesBuildPhase section */

/* Begin PBXVariantGroup section */
		99A40D5120754BE0000D5DD9 /* Main.storyboard */ = {
			isa = PBXVariantGroup;
			children = (
				99A40D5220754BE0000D5DD9 /* Base */,
			);
			name = Main.storyboard;
			sourceTree = "<group>";
		};
		99A40D5620754BE1000D5DD9 /* LaunchScreen.storyboard */ = {
			isa = PBXVariantGroup;
			children = (
				99A40D5720754BE1000D5DD9 /* Base */,
			);
			name = LaunchScreen.storyboard;
			sourceTree = "<group>";
		};
/* End PBXVariantGroup section */

/* Begin XCBuildConfiguration section */
		99A40D5A20754BE1000D5DD9 /* Debug */ = {
			isa = XCBuildConfiguration;
			buildSettings = {
				ALWAYS_SEARCH_USER_PATHS = NO;
				CLANG_ANALYZER_NONNULL = YES;
				CLANG_ANALYZER_NUMBER_OBJECT_CONVERSION = YES_AGGRESSIVE;
				CLANG_CXX_LANGUAGE_STANDARD = "gnu++14";
				CLANG_CXX_LIBRARY = "libc++";
				CLANG_ENABLE_MODULES = YES;
				CLANG_ENABLE_OBJC_ARC = YES;
				CLANG_ENABLE_OBJC_WEAK = YES;
				CLANG_WARN_BLOCK_CAPTURE_AUTORELEASING = YES;
				CLANG_WARN_BOOL_CONVERSION = YES;
				CLANG_WARN_COMMA = YES;
				CLANG_WARN_CONSTANT_CONVERSION = YES;
				CLANG_WARN_DEPRECATED_OBJC_IMPLEMENTATIONS = YES;
				CLANG_WARN_DIRECT_OBJC_ISA_USAGE = YES_ERROR;
				CLANG_WARN_DOCUMENTATION_COMMENTS = YES;
				CLANG_WARN_EMPTY_BODY = YES;
				CLANG_WARN_ENUM_CONVERSION = YES;
				CLANG_WARN_INFINITE_RECURSION = YES;
				CLANG_WARN_INT_CONVERSION = YES;
				CLANG_WARN_NON_LITERAL_NULL_CONVERSION = YES;
				CLANG_WARN_OBJC_IMPLICIT_RETAIN_SELF = YES;
				CLANG_WARN_OBJC_LITERAL_CONVERSION = YES;
				CLANG_WARN_OBJC_ROOT_CLASS = YES_ERROR;
				CLANG_WARN_RANGE_LOOP_ANALYSIS = YES;
				CLANG_WARN_STRICT_PROTOTYPES = YES;
				CLANG_WARN_SUSPICIOUS_MOVE = YES;
				CLANG_WARN_UNGUARDED_AVAILABILITY = YES_AGGRESSIVE;
				CLANG_WARN_UNREACHABLE_CODE = YES;
				CLANG_WARN__DUPLICATE_METHOD_MATCH = YES;
				CODE_SIGN_IDENTITY = "iPhone Developer: stephen ball (LESKCU2UN4)";
				COPY_PHASE_STRIP = NO;
				DEBUG_INFORMATION_FORMAT = dwarf;
				ENABLE_STRICT_OBJC_MSGSEND = YES;
				ENABLE_TESTABILITY = YES;
				GCC_C_LANGUAGE_STANDARD = gnu11;
				GCC_DYNAMIC_NO_PIC = NO;
				GCC_NO_COMMON_BLOCKS = YES;
				GCC_OPTIMIZATION_LEVEL = 0;
				GCC_PREPROCESSOR_DEFINITIONS = (
					"DEBUG=1",
					"$(inherited)",
				);
				GCC_WARN_64_TO_32_BIT_CONVERSION = YES;
				GCC_WARN_ABOUT_RETURN_TYPE = YES_ERROR;
				GCC_WARN_UNDECLARED_SELECTOR = YES;
				GCC_WARN_UNINITIALIZED_AUTOS = YES_AGGRESSIVE;
				GCC_WARN_UNUSED_FUNCTION = YES;
				GCC_WARN_UNUSED_VARIABLE = YES;
				IPHONEOS_DEPLOYMENT_TARGET = 11.3;
				MTL_ENABLE_DEBUG_INFO = YES;
				ONLY_ACTIVE_ARCH = YES;
				SDKROOT = iphoneos;
				SWIFT_ACTIVE_COMPILATION_CONDITIONS = DEBUG;
				SWIFT_OPTIMIZATION_LEVEL = "-Onone";
			};
			name = Debug;
		};
		99A40D5B20754BE1000D5DD9 /* Release */ = {
			isa = XCBuildConfiguration;
			buildSettings = {
				ALWAYS_SEARCH_USER_PATHS = NO;
				CLANG_ANALYZER_NONNULL = YES;
				CLANG_ANALYZER_NUMBER_OBJECT_CONVERSION = YES_AGGRESSIVE;
				CLANG_CXX_LANGUAGE_STANDARD = "gnu++14";
				CLANG_CXX_LIBRARY = "libc++";
				CLANG_ENABLE_MODULES = YES;
				CLANG_ENABLE_OBJC_ARC = YES;
				CLANG_ENABLE_OBJC_WEAK = YES;
				CLANG_WARN_BLOCK_CAPTURE_AUTORELEASING = YES;
				CLANG_WARN_BOOL_CONVERSION = YES;
				CLANG_WARN_COMMA = YES;
				CLANG_WARN_CONSTANT_CONVERSION = YES;
				CLANG_WARN_DEPRECATED_OBJC_IMPLEMENTATIONS = YES;
				CLANG_WARN_DIRECT_OBJC_ISA_USAGE = YES_ERROR;
				CLANG_WARN_DOCUMENTATION_COMMENTS = YES;
				CLANG_WARN_EMPTY_BODY = YES;
				CLANG_WARN_ENUM_CONVERSION = YES;
				CLANG_WARN_INFINITE_RECURSION = YES;
				CLANG_WARN_INT_CONVERSION = YES;
				CLANG_WARN_NON_LITERAL_NULL_CONVERSION = YES;
				CLANG_WARN_OBJC_IMPLICIT_RETAIN_SELF = YES;
				CLANG_WARN_OBJC_LITERAL_CONVERSION = YES;
				CLANG_WARN_OBJC_ROOT_CLASS = YES_ERROR;
				CLANG_WARN_RANGE_LOOP_ANALYSIS = YES;
				CLANG_WARN_STRICT_PROTOTYPES = YES;
				CLANG_WARN_SUSPICIOUS_MOVE = YES;
				CLANG_WARN_UNGUARDED_AVAILABILITY = YES_AGGRESSIVE;
				CLANG_WARN_UNREACHABLE_CODE = YES;
				CLANG_WARN__DUPLICATE_METHOD_MATCH = YES;
				CODE_SIGN_IDENTITY = "iPhone Developer: stephen ball (LESKCU2UN4)";
				COPY_PHASE_STRIP = NO;
				DEBUG_INFORMATION_FORMAT = "dwarf-with-dsym";
				ENABLE_NS_ASSERTIONS = NO;
				ENABLE_STRICT_OBJC_MSGSEND = YES;
				GCC_C_LANGUAGE_STANDARD = gnu11;
				GCC_NO_COMMON_BLOCKS = YES;
				GCC_WARN_64_TO_32_BIT_CONVERSION = YES;
				GCC_WARN_ABOUT_RETURN_TYPE = YES_ERROR;
				GCC_WARN_UNDECLARED_SELECTOR = YES;
				GCC_WARN_UNINITIALIZED_AUTOS = YES_AGGRESSIVE;
				GCC_WARN_UNUSED_FUNCTION = YES;
				GCC_WARN_UNUSED_VARIABLE = YES;
				IPHONEOS_DEPLOYMENT_TARGET = 11.3;
				MTL_ENABLE_DEBUG_INFO = NO;
				SDKROOT = iphoneos;
				SWIFT_COMPILATION_MODE = wholemodule;
				SWIFT_OPTIMIZATION_LEVEL = "-O";
				VALIDATE_PRODUCT = YES;
			};
			name = Release;
		};
		99A40D5D20754BE1000D5DD9 /* Debug */ = {
			isa = XCBuildConfiguration;
			baseConfigurationReference = 815AF9BCFF81C29FF9F618E2 /* Pods-Gravicaine.debug.xcconfig */;
			buildSettings = {
				ASSETCATALOG_COMPILER_APPICON_NAME = AppIcon;
				CODE_SIGN_IDENTITY = "iPhone Developer";
				CODE_SIGN_STYLE = Automatic;
				DEVELOPMENT_TEAM = T3693KQ6ZX;
				INFOPLIST_FILE = Gravicaine/Info.plist;
				LD_RUNPATH_SEARCH_PATHS = (
					"$(inherited)",
					"@executable_path/Frameworks",
				);
				PRODUCT_BUNDLE_IDENTIFIER = SDB.Gravicaine;
				PRODUCT_NAME = "$(TARGET_NAME)";
				PROVISIONING_PROFILE_SPECIFIER = "";
				SWIFT_VERSION = 4.0;
				TARGETED_DEVICE_FAMILY = 1;
			};
			name = Debug;
		};
		99A40D5E20754BE1000D5DD9 /* Release */ = {
			isa = XCBuildConfiguration;
			baseConfigurationReference = BAFDDEF2560244D4BAE4666B /* Pods-Gravicaine.release.xcconfig */;
			buildSettings = {
				ASSETCATALOG_COMPILER_APPICON_NAME = AppIcon;
				CODE_SIGN_IDENTITY = "iPhone Developer";
				CODE_SIGN_STYLE = Automatic;
				DEVELOPMENT_TEAM = T3693KQ6ZX;
				INFOPLIST_FILE = Gravicaine/Info.plist;
				LD_RUNPATH_SEARCH_PATHS = (
					"$(inherited)",
					"@executable_path/Frameworks",
				);
				PRODUCT_BUNDLE_IDENTIFIER = SDB.Gravicaine;
				PRODUCT_NAME = "$(TARGET_NAME)";
				PROVISIONING_PROFILE_SPECIFIER = "";
				SWIFT_VERSION = 4.0;
				TARGETED_DEVICE_FAMILY = 1;
			};
			name = Release;
		};
/* End XCBuildConfiguration section */

/* Begin XCConfigurationList section */
		99A40D3F20754BE0000D5DD9 /* Build configuration list for PBXProject "Gravicaine" */ = {
			isa = XCConfigurationList;
			buildConfigurations = (
				99A40D5A20754BE1000D5DD9 /* Debug */,
				99A40D5B20754BE1000D5DD9 /* Release */,
			);
			defaultConfigurationIsVisible = 0;
			defaultConfigurationName = Release;
		};
		99A40D5C20754BE1000D5DD9 /* Build configuration list for PBXNativeTarget "Gravicaine" */ = {
			isa = XCConfigurationList;
			buildConfigurations = (
				99A40D5D20754BE1000D5DD9 /* Debug */,
				99A40D5E20754BE1000D5DD9 /* Release */,
			);
			defaultConfigurationIsVisible = 0;
			defaultConfigurationName = Release;
		};
/* End XCConfigurationList section */
	};
	rootObject = 99A40D3C20754BE0000D5DD9 /* Project object */;
}
